
Microsoft Visual Studio Solution File, Format Version 12.00
# Visual Studio 15
VisualStudioVersion = 15.0.27004.2009
MinimumVisualStudioVersion = 10.0.40219.1
Project("{8BC9CEB8-8B4A-11D0-8D11-00A0C91BC942}") = "StandUp", "StandUp\StandUp.vcxproj", "{0833BDC9-48FE-4978-B993-1A26D62268FA}"
EndProject
Global
	GlobalSection(SolutionConfigurationPlatforms) = preSolution
		Debug|x64 = Debug|x64
		Debug|x86 = Debug|x86
		Release|x64 = Release|x64
		Release|x86 = Release|x86
	EndGlobalSection
	GlobalSection(ProjectConfigurationPlatforms) = postSolution
		{0833BDC9-48FE-4978-B993-1A26D62268FA}.Debug|x64.ActiveCfg = Debug|x64
		{0833BDC9-48FE-4978-B993-1A26D62268FA}.Debug|x64.Build.0 = Debug|x64
		{0833BDC9-48FE-4978-B993-1A26D62268FA}.Debug|x86.ActiveCfg = Debug|Win32
		{0833BDC9-48FE-4978-B993-1A26D62268FA}.Debug|x86.Build.0 = Debug|Win32
		{0833BDC9-48FE-4978-B993-1A26D62268FA}.Release|x64.ActiveCfg = Release|x64
		{0833BDC9-48FE-4978-B993-1A26D62268FA}.Release|x64.Build.0 = Release|x64
		{0833BDC9-48FE-4978-B993-1A26D62268FA}.Release|x86.ActiveCfg = Release|Win32
		{0833BDC9-48FE-4978-B993-1A26D62268FA}.Release|x86.Build.0 = Release|Win32
	EndGlobalSection
	GlobalSection(SolutionProperties) = preSolution
		HideSolutionNode = FALSE
	EndGlobalSection
	GlobalSection(ExtensibilityGlobals) = postSolution
		SolutionGuid = {51E596F4-EB70-4B49-95E7-1DE291E0F243}
	EndGlobalSection
EndGlobal
